version = 1
revision = 3
requires-python = ">=3.13"

[[package]]
name = "cachetools"
version = "6.2.0"
source = { registry = "https://pypi.org/simple" }
sdist = { url = "https://files.pythonhosted.org/packages/9d/61/e4fad8155db4a04bfb4734c7c8ff0882f078f24294d42798b3568eb63bff/cachetools-6.2.0.tar.gz", hash = "sha256:38b328c0889450f05f5e120f56ab68c8abaf424e1275522b138ffc93253f7e32", size = 30988, upload-time = "2025-08-25T18:57:30.924Z" }
wheels = [
    { url = "https://files.pythonhosted.org/packages/6c/56/3124f61d37a7a4e7cc96afc5492c78ba0cb551151e530b54669ddd1436ef/cachetools-6.2.0-py3-none-any.whl", hash = "sha256:1c76a8960c0041fcc21097e357f882197c79da0dbff766e7317890a65d7d8ba6", size = 11276, upload-time = "2025-08-25T18:57:29.684Z" },
]

[[package]]
name = "certifi"
version = "2025.8.3"
source = { registry = "https://pypi.org/simple" }
sdist = { url = "https://files.pythonhosted.org/packages/dc/67/960ebe6bf230a96cda2e0abcf73af550ec4f090005363542f0765df162e0/certifi-2025.8.3.tar.gz", hash = "sha256:e564105f78ded564e3ae7c923924435e1daa7463faeab5bb932bc53ffae63407", size = 162386, upload-time = "2025-08-03T03:07:47.08Z" }
wheels = [
    { url = "https://files.pythonhosted.org/packages/e5/48/1549795ba7742c948d2ad169c1c8cdbae65bc450d6cd753d124b17c8cd32/certifi-2025.8.3-py3-none-any.whl", hash = "sha256:f6c12493cfb1b06ba2ff328595af9350c65d6644968e5d3a2ffd78699af217a5", size = 161216, upload-time = "2025-08-03T03:07:45.777Z" },
]

[[package]]
name = "chardet"
version = "5.2.0"
source = { registry = "https://pypi.org/simple" }
sdist = { url = "https://files.pythonhosted.org/packages/f3/0d/f7b6ab21ec75897ed80c17d79b15951a719226b9fababf1e40ea74d69079/chardet-5.2.0.tar.gz", hash = "sha256:1b3b6ff479a8c414bc3fa2c0852995695c4a026dcd6d0633b2dd092ca39c1cf7", size = 2069618, upload-time = "2023-08-01T19:23:02.662Z" }
wheels = [
    { url = "https://files.pythonhosted.org/packages/38/6f/f5fbc992a329ee4e0f288c1fe0e2ad9485ed064cac731ed2fe47dcc38cbf/chardet-5.2.0-py3-none-any.whl", hash = "sha256:e1cf59446890a00105fe7b7912492ea04b6e6f06d4b742b2c788469e34c82970", size = 199385, upload-time = "2023-08-01T19:23:00.661Z" },
]

[[package]]
name = "click"
version = "8.2.1"
source = { registry = "https://pypi.org/simple" }
dependencies = [
    { name = "colorama", marker = "sys_platform == 'win32'" },
]
sdist = { url = "https://files.pythonhosted.org/packages/60/6c/8ca2efa64cf75a977a0d7fac081354553ebe483345c734fb6b6515d96bbc/click-8.2.1.tar.gz", hash = "sha256:27c491cc05d968d271d5a1db13e3b5a184636d9d930f148c50b038f0d0646202", size = 286342, upload-time = "2025-05-20T23:19:49.832Z" }
wheels = [
    { url = "https://files.pythonhosted.org/packages/85/32/10bb5764d90a8eee674e9dc6f4db6a0ab47c8c4d0d83c27f7c39ac415a4d/click-8.2.1-py3-none-any.whl", hash = "sha256:61a3265b914e850b85317d0b3109c7f8cd35a670f963866005d6ef1d5175a12b", size = 102215, upload-time = "2025-05-20T23:19:47.796Z" },
]

[[package]]
name = "colorama"
version = "0.4.6"
source = { registry = "https://pypi.org/simple" }
sdist = { url = "https://files.pythonhosted.org/packages/d8/53/6f443c9a4a8358a93a6792e2acffb9d9d5cb0a5cfd8802644b7b1c9a02e4/colorama-0.4.6.tar.gz", hash = "sha256:08695f5cb7ed6e0531a20572697297273c47b8cae5a63ffc6d6ed5c201be6e44", size = 27697, upload-time = "2022-10-25T02:36:22.414Z" }
wheels = [
    { url = "https://files.pythonhosted.org/packages/d1/d6/3965ed04c63042e047cb6a3e6ed1a63a35087b6a609aa3a15ed8ac56c221/colorama-0.4.6-py2.py3-none-any.whl", hash = "sha256:4f1d9991f5acc0ca119f9d443620b77f9d6b33703e51011c16baf57afb285fc6", size = 25335, upload-time = "2022-10-25T02:36:20.889Z" },
]

[[package]]
name = "confluent-kafka"
version = "2.11.1"
source = { registry = "https://pypi.org/simple" }
sdist = { url = "https://files.pythonhosted.org/packages/e1/e4/cd2dc58cd583788a362c2d59d179a6537b81c3bf70c6a1907c508117ca77/confluent_kafka-2.11.1.tar.gz", hash = "sha256:a9366d9dc07a527ed0dcef9c24ba38238cf9dc63c3f53b79da15d45ce4459166", size = 227194, upload-time = "2025-08-18T21:27:48.103Z" }
wheels = [
    { url = "https://files.pythonhosted.org/packages/52/54/6c790187fce06fb84741f21bf25a9435385a891b8a3b73b4fb5a1bf71d6f/confluent_kafka-2.11.1-cp313-cp313-macosx_13_0_arm64.whl", hash = "sha256:9618041f031320e113f9dc533c0dbd1d768dd008855ae4be1ed21148442f146e", size = 3128480, upload-time = "2025-08-18T21:26:52.688Z" },
    { url = "https://files.pythonhosted.org/packages/d5/40/aa219be95629a1da072996edae96c4db82a72f1e3610cd490f8c9aa57799/confluent_kafka-2.11.1-cp313-cp313-macosx_13_0_x86_64.whl", hash = "sha256:4f8d9dee49975a63b31dd71f0a0b4d3a2af9754a21d18d218fec6c0d9cb6eea3", size = 3599681, upload-time = "2025-08-18T21:26:54.942Z" },
    { url = "https://files.pythonhosted.org/packages/ba/0c/29616e188b1c8a1e3fc24a3a9b5d0340591d246ee097706945f89ecb49a2/confluent_kafka-2.11.1-cp313-cp313-manylinux_2_28_aarch64.whl", hash = "sha256:e173c3e021bd525c14ea107a960c467d9fc7fe7e7d72cde1308bcddd58774f86", size = 15381089, upload-time = "2025-08-18T21:26:59.278Z" },
    { url = "https://files.pythonhosted.org/packages/e8/34/1145c73d4ab35ce71ce8fcc9238a59fddb304de01dbf8a10039ab8ff55ea/confluent_kafka-2.11.1-cp313-cp313-manylinux_2_28_x86_64.whl", hash = "sha256:639b7b776dc1d830b0ee4188487c54977fe7d5bf70befbdcf222ac9e1b72ab7e", size = 3916834, upload-time = "2025-08-18T21:27:02.376Z" },
    { url = "https://files.pythonhosted.org/packages/af/a3/77a5d2bbd20808ed571844e5de40b3422261824f66a20a5f3e0f44aa1061/confluent_kafka-2.11.1-cp313-cp313-win_amd64.whl", hash = "sha256:09f7703fe54429911f7d1cdf62c3044c4b7eaefa0af9d2dbcf4b513d97673380", size = 4098185, upload-time = "2025-08-18T21:27:04.82Z" },
    { url = "https://files.pythonhosted.org/packages/b1/70/8f56755827e9423777571116518127c9b2f357299f082ed386898f63740a/confluent_kafka-2.11.1-cp313-cp313t-manylinux_2_28_aarch64.whl", hash = "sha256:bc6eceedf0cda75ea666899d972ca9c68b529f1ff36ed99f5f15503d0d08d1b3", size = 15379674, upload-time = "2025-08-18T21:27:09.249Z" },
]

[[package]]
name = "distlib"
version = "0.4.0"
source = { registry = "https://pypi.org/simple" }
sdist = { url = "https://files.pythonhosted.org/packages/96/8e/709914eb2b5749865801041647dc7f4e6d00b549cfe88b65ca192995f07c/distlib-0.4.0.tar.gz", hash = "sha256:feec40075be03a04501a973d81f633735b4b69f98b05450592310c0f401a4e0d", size = 614605, upload-time = "2025-07-17T16:52:00.465Z" }
wheels = [
    { url = "https://files.pythonhosted.org/packages/33/6b/e0547afaf41bf2c42e52430072fa5658766e3d65bd4b03a563d1b6336f57/distlib-0.4.0-py2.py3-none-any.whl", hash = "sha256:9659f7d87e46584a30b5780e43ac7a2143098441670ff0a49d5f9034c54a6c16", size = 469047, upload-time = "2025-07-17T16:51:58.613Z" },
]

[[package]]
name = "elastic-transport"
version = "8.17.1"
source = { registry = "https://pypi.org/simple" }
dependencies = [
    { name = "certifi" },
    { name = "urllib3" },
]
sdist = { url = "https://files.pythonhosted.org/packages/6a/54/d498a766ac8fa475f931da85a154666cc81a70f8eb4a780bc8e4e934e9ac/elastic_transport-8.17.1.tar.gz", hash = "sha256:5edef32ac864dca8e2f0a613ef63491ee8d6b8cfb52881fa7313ba9290cac6d2", size = 73425, upload-time = "2025-03-13T07:28:30.776Z" }
wheels = [
    { url = "https://files.pythonhosted.org/packages/cf/cd/b71d5bc74cde7fc6fd9b2ff9389890f45d9762cbbbf81dc5e51fd7588c4a/elastic_transport-8.17.1-py3-none-any.whl", hash = "sha256:192718f498f1d10c5e9aa8b9cf32aed405e469a7f0e9d6a8923431dbb2c59fb8", size = 64969, upload-time = "2025-03-13T07:28:29.031Z" },
]

[[package]]
name = "elasticsearch"
version = "8.19.0"
source = { registry = "https://pypi.org/simple" }
dependencies = [
    { name = "elastic-transport" },
    { name = "python-dateutil" },
    { name = "typing-extensions" },
]
sdist = { url = "https://files.pythonhosted.org/packages/05/00/7304af19770b9c53afe7b5b75433a1b0355d8725b4d8ed54a3f47d2a4f99/elasticsearch-8.19.0.tar.gz", hash = "sha256:66fe755e55127afc47c68eca6858006932d9d128b68834a15e7e9894517cfb67", size = 777512, upload-time = "2025-07-30T10:19:11.374Z" }
wheels = [
    { url = "https://files.pythonhosted.org/packages/e0/73/05fe3d053d6154dd92a5f8ce3c67685af983c988aa6244e5512ea73f0d1f/elasticsearch-8.19.0-py3-none-any.whl", hash = "sha256:33eee4ec4244ef217952eeee0adff64a409120a1401c3bd35790e22145727e3f", size = 926924, upload-time = "2025-07-30T10:19:06.884Z" },
]

[[package]]
name = "filelock"
version = "3.19.1"
source = { registry = "https://pypi.org/simple" }
sdist = { url = "https://files.pythonhosted.org/packages/40/bb/0ab3e58d22305b6f5440629d20683af28959bf793d98d11950e305c1c326/filelock-3.19.1.tar.gz", hash = "sha256:66eda1888b0171c998b35be2bcc0f6d75c388a7ce20c3f3f37aa8e96c2dddf58", size = 17687, upload-time = "2025-08-14T16:56:03.016Z" }
wheels = [
    { url = "https://files.pythonhosted.org/packages/42/14/42b2651a2f46b022ccd948bca9f2d5af0fd8929c4eec235b8d6d844fbe67/filelock-3.19.1-py3-none-any.whl", hash = "sha256:d38e30481def20772f5baf097c122c3babc4fcdb7e14e57049eb9d88c6dc017d", size = 15988, upload-time = "2025-08-14T16:56:01.633Z" },
]

[[package]]
name = "iniconfig"
version = "2.1.0"
source = { registry = "https://pypi.org/simple" }
sdist = { url = "https://files.pythonhosted.org/packages/f2/97/ebf4da567aa6827c909642694d71c9fcf53e5b504f2d96afea02718862f3/iniconfig-2.1.0.tar.gz", hash = "sha256:3abbd2e30b36733fee78f9c7f7308f2d0050e88f0087fd25c2645f63c773e1c7", size = 4793, upload-time = "2025-03-19T20:09:59.721Z" }
wheels = [
    { url = "https://files.pythonhosted.org/packages/2c/e1/e6716421ea10d38022b952c159d5161ca1193197fb744506875fbb87ea7b/iniconfig-2.1.0-py3-none-any.whl", hash = "sha256:9deba5723312380e77435581c6bf4935c94cbfab9b1ed33ef8d238ea168eb760", size = 6050, upload-time = "2025-03-19T20:10:01.071Z" },
]

[[package]]
name = "kbeastpy"
version = "0.1.0"
source = { editable = "." }
dependencies = [
    { name = "click" },
    { name = "confluent-kafka" },
    { name = "elasticsearch" },
    { name = "pytest" },
    { name = "pytest-mock" },
]

[package.dev-dependencies]
dev = [
    { name = "tox-uv" },
]

[package.metadata]
requires-dist = [
    { name = "click", specifier = ">=8.2.1" },
    { name = "confluent-kafka", specifier = ">=2.11.1" },
    { name = "elasticsearch", specifier = "==8.19.0" },
    { name = "pytest", specifier = ">=8.4.1" },
    { name = "pytest-mock", specifier = ">=3.14.1" },
]

[package.metadata.requires-dev]
dev = [{ name = "tox-uv", specifier = ">=1.28.0" }]

[[package]]
name = "packaging"
version = "25.0"
source = { registry = "https://pypi.org/simple" }
sdist = { url = "https://files.pythonhosted.org/packages/a1/d4/1fc4078c65507b51b96ca8f8c3ba19e6a61c8253c72794544580a7b6c24d/packaging-25.0.tar.gz", hash = "sha256:d443872c98d677bf60f6a1f2f8c1cb748e8fe762d2bf9d3148b5599295b0fc4f", size = 165727, upload-time = "2025-04-19T11:48:59.673Z" }
wheels = [
    { url = "https://files.pythonhosted.org/packages/20/12/38679034af332785aac8774540895e234f4d07f7545804097de4b666afd8/packaging-25.0-py3-none-any.whl", hash = "sha256:29572ef2b1f17581046b3a2227d5c611fb25ec70ca1ba8554b24b0e69331a484", size = 66469, upload-time = "2025-04-19T11:48:57.875Z" },
]

[[package]]
name = "platformdirs"
version = "4.4.0"
source = { registry = "https://pypi.org/simple" }
sdist = { url = "https://files.pythonhosted.org/packages/23/e8/21db9c9987b0e728855bd57bff6984f67952bea55d6f75e055c46b5383e8/platformdirs-4.4.0.tar.gz", hash = "sha256:ca753cf4d81dc309bc67b0ea38fd15dc97bc30ce419a7f58d13eb3bf14c4febf", size = 21634, upload-time = "2025-08-26T14:32:04.268Z" }
wheels = [
    { url = "https://files.pythonhosted.org/packages/40/4b/2028861e724d3bd36227adfa20d3fd24c3fc6d52032f4a93c133be5d17ce/platformdirs-4.4.0-py3-none-any.whl", hash = "sha256:abd01743f24e5287cd7a5db3752faf1a2d65353f38ec26d98e25a6db65958c85", size = 18654, upload-time = "2025-08-26T14:32:02.735Z" },
]

[[package]]
name = "pluggy"
version = "1.6.0"
source = { registry = "https://pypi.org/simple" }
sdist = { url = "https://files.pythonhosted.org/packages/f9/e2/3e91f31a7d2b083fe6ef3fa267035b518369d9511ffab804f839851d2779/pluggy-1.6.0.tar.gz", hash = "sha256:7dcc130b76258d33b90f61b658791dede3486c3e6bfb003ee5c9bfb396dd22f3", size = 69412, upload-time = "2025-05-15T12:30:07.975Z" }
wheels = [
    { url = "https://files.pythonhosted.org/packages/54/20/4d324d65cc6d9205fabedc306948156824eb9f0ee1633355a8f7ec5c66bf/pluggy-1.6.0-py3-none-any.whl", hash = "sha256:e920276dd6813095e9377c0bc5566d94c932c33b27a3e3945d8389c374dd4746", size = 20538, upload-time = "2025-05-15T12:30:06.134Z" },
]

[[package]]
name = "pygments"
version = "2.19.2"
source = { registry = "https://pypi.org/simple" }
sdist = { url = "https://files.pythonhosted.org/packages/b0/77/a5b8c569bf593b0140bde72ea885a803b82086995367bf2037de0159d924/pygments-2.19.2.tar.gz", hash = "sha256:636cb2477cec7f8952536970bc533bc43743542f70392ae026374600add5b887", size = 4968631, upload-time = "2025-06-21T13:39:12.283Z" }
wheels = [
    { url = "https://files.pythonhosted.org/packages/c7/21/705964c7812476f378728bdf590ca4b771ec72385c533964653c68e86bdc/pygments-2.19.2-py3-none-any.whl", hash = "sha256:86540386c03d588bb81d44bc3928634ff26449851e99741617ecb9037ee5ec0b", size = 1225217, upload-time = "2025-06-21T13:39:07.939Z" },
]

[[package]]
name = "pyproject-api"
version = "1.9.1"
source = { registry = "https://pypi.org/simple" }
dependencies = [
    { name = "packaging" },
]
sdist = { url = "https://files.pythonhosted.org/packages/19/fd/437901c891f58a7b9096511750247535e891d2d5a5a6eefbc9386a2b41d5/pyproject_api-1.9.1.tar.gz", hash = "sha256:43c9918f49daab37e302038fc1aed54a8c7a91a9fa935d00b9a485f37e0f5335", size = 22710, upload-time = "2025-05-12T14:41:58.025Z" }
wheels = [
    { url = "https://files.pythonhosted.org/packages/ef/e6/c293c06695d4a3ab0260ef124a74ebadba5f4c511ce3a4259e976902c00b/pyproject_api-1.9.1-py3-none-any.whl", hash = "sha256:7d6238d92f8962773dd75b5f0c4a6a27cce092a14b623b811dba656f3b628948", size = 13158, upload-time = "2025-05-12T14:41:56.217Z" },
]

[[package]]
name = "pytest"
version = "8.4.1"
source = { registry = "https://pypi.org/simple" }
dependencies = [
    { name = "colorama", marker = "sys_platform == 'win32'" },
    { name = "iniconfig" },
    { name = "packaging" },
    { name = "pluggy" },
    { name = "pygments" },
]
sdist = { url = "https://files.pythonhosted.org/packages/08/ba/45911d754e8eba3d5a841a5ce61a65a685ff1798421ac054f85aa8747dfb/pytest-8.4.1.tar.gz", hash = "sha256:7c67fd69174877359ed9371ec3af8a3d2b04741818c51e5e99cc1742251fa93c", size = 1517714, upload-time = "2025-06-18T05:48:06.109Z" }
wheels = [
    { url = "https://files.pythonhosted.org/packages/29/16/c8a903f4c4dffe7a12843191437d7cd8e32751d5de349d45d3fe69544e87/pytest-8.4.1-py3-none-any.whl", hash = "sha256:539c70ba6fcead8e78eebbf1115e8b589e7565830d7d006a8723f19ac8a0afb7", size = 365474, upload-time = "2025-06-18T05:48:03.955Z" },
]

[[package]]
name = "pytest-mock"
version = "3.14.1"
source = { registry = "https://pypi.org/simple" }
dependencies = [
    { name = "pytest" },
]
sdist = { url = "https://files.pythonhosted.org/packages/71/28/67172c96ba684058a4d24ffe144d64783d2a270d0af0d9e792737bddc75c/pytest_mock-3.14.1.tar.gz", hash = "sha256:159e9edac4c451ce77a5cdb9fc5d1100708d2dd4ba3c3df572f14097351af80e", size = 33241, upload-time = "2025-05-26T13:58:45.167Z" }
wheels = [
    { url = "https://files.pythonhosted.org/packages/b2/05/77b60e520511c53d1c1ca75f1930c7dd8e971d0c4379b7f4b3f9644685ba/pytest_mock-3.14.1-py3-none-any.whl", hash = "sha256:178aefcd11307d874b4cd3100344e7e2d888d9791a6a1d9bfe90fbc1b74fd1d0", size = 9923, upload-time = "2025-05-26T13:58:43.487Z" },
]

[[package]]
name = "python-dateutil"
version = "2.9.0.post0"
source = { registry = "https://pypi.org/simple" }
dependencies = [
    { name = "six" },
]
sdist = { url = "https://files.pythonhosted.org/packages/66/c0/0c8b6ad9f17a802ee498c46e004a0eb49bc148f2fd230864601a86dcf6db/python-dateutil-2.9.0.post0.tar.gz", hash = "sha256:37dd54208da7e1cd875388217d5e00ebd4179249f90fb72437e91a35459a0ad3", size = 342432, upload-time = "2024-03-01T18:36:20.211Z" }
wheels = [
    { url = "https://files.pythonhosted.org/packages/ec/57/56b9bcc3c9c6a792fcbaf139543cee77261f3651ca9da0c93f5c1221264b/python_dateutil-2.9.0.post0-py2.py3-none-any.whl", hash = "sha256:a8b2bc7bffae282281c8140a97d3aa9c14da0b136dfe83f850eea9a5f7470427", size = 229892, upload-time = "2024-03-01T18:36:18.57Z" },
]

[[package]]
name = "six"
version = "1.17.0"
source = { registry = "https://pypi.org/simple" }
sdist = { url = "https://files.pythonhosted.org/packages/94/e7/b2c673351809dca68a0e064b6af791aa332cf192da575fd474ed7d6f16a2/six-1.17.0.tar.gz", hash = "sha256:ff70335d468e7eb6ec65b95b99d3a2836546063f63acc5171de367e834932a81", size = 34031, upload-time = "2024-12-04T17:35:28.174Z" }
wheels = [
    { url = "https://files.pythonhosted.org/packages/b7/ce/149a00dd41f10bc29e5921b496af8b574d8413afcd5e30dfa0ed46c2cc5e/six-1.17.0-py2.py3-none-any.whl", hash = "sha256:4721f391ed90541fddacab5acf947aa0d3dc7d27b2e1e8eda2be8970586c3274", size = 11050, upload-time = "2024-12-04T17:35:26.475Z" },
]

[[package]]
name = "tox"
version = "4.30.2"
source = { registry = "https://pypi.org/simple" }
dependencies = [
    { name = "cachetools" },
    { name = "chardet" },
    { name = "colorama" },
    { name = "filelock" },
    { name = "packaging" },
    { name = "platformdirs" },
    { name = "pluggy" },
    { name = "pyproject-api" },
    { name = "virtualenv" },
]
sdist = { url = "https://files.pythonhosted.org/packages/da/b7/ba4e391cd112c18338aef270abcda2a25783f90509fa6806c8f2a1ea842e/tox-4.30.2.tar.gz", hash = "sha256:772925ad6c57fe35c7ed5ac3e958ac5ced21dff597e76fc40c1f5bf3cd1b6a2e", size = 202622, upload-time = "2025-09-04T16:24:49.602Z" }
wheels = [
    { url = "https://files.pythonhosted.org/packages/4e/28/8212e633612f959e9b61f3f1e3103e651e33d808a097623495590a42f1a4/tox-4.30.2-py3-none-any.whl", hash = "sha256:efd261a42e8c82a59f9026320a80a067f27f44cad2e72a6712010c311d31176b", size = 175527, upload-time = "2025-09-04T16:24:47.694Z" },
]

[[package]]
name = "tox-uv"
version = "1.28.0"
source = { registry = "https://pypi.org/simple" }
dependencies = [
    { name = "packaging" },
    { name = "tox" },
    { name = "uv" },
]
sdist = { url = "https://files.pythonhosted.org/packages/f9/9a/f4b675ebcbd623854129891e87045f80c1d8e91b2957496f1fe6e463f291/tox_uv-1.28.0.tar.gz", hash = "sha256:a06ff909f73232b2b7965de19090d887b12b44e44eb0843b2c07266d2957ade2", size = 23265, upload-time = "2025-08-14T17:53:07.909Z" }
wheels = [
    { url = "https://files.pythonhosted.org/packages/1f/ac/b32555d190c4440b8d2779d4a19439e5fbd5a3950f7e5a17ead7c7d30cad/tox_uv-1.28.0-py3-none-any.whl", hash = "sha256:3fbe13fa6eb6961df5512e63fc4a5cc0c8d264872674ee09164649f441839053", size = 17225, upload-time = "2025-08-14T17:53:06.299Z" },
]

[[package]]
name = "typing-extensions"
version = "4.15.0"
source = { registry = "https://pypi.org/simple" }
sdist = { url = "https://files.pythonhosted.org/packages/72/94/1a15dd82efb362ac84269196e94cf00f187f7ed21c242792a923cdb1c61f/typing_extensions-4.15.0.tar.gz", hash = "sha256:0cea48d173cc12fa28ecabc3b837ea3cf6f38c6d1136f85cbaaf598984861466", size = 109391, upload-time = "2025-08-25T13:49:26.313Z" }
wheels = [
    { url = "https://files.pythonhosted.org/packages/18/67/36e9267722cc04a6b9f15c7f3441c2363321a3ea07da7ae0c0707beb2a9c/typing_extensions-4.15.0-py3-none-any.whl", hash = "sha256:f0fa19c6845758ab08074a0cfa8b7aecb71c999ca73d62883bc25cc018c4e548", size = 44614, upload-time = "2025-08-25T13:49:24.86Z" },
]

[[package]]
name = "urllib3"
version = "2.5.0"
source = { registry = "https://pypi.org/simple" }
sdist = { url = "https://files.pythonhosted.org/packages/15/22/9ee70a2574a4f4599c47dd506532914ce044817c7752a79b6a51286319bc/urllib3-2.5.0.tar.gz", hash = "sha256:3fc47733c7e419d4bc3f6b3dc2b4f890bb743906a30d56ba4a5bfa4bbff92760", size = 393185, upload-time = "2025-06-18T14:07:41.644Z" }
wheels = [
    { url = "https://files.pythonhosted.org/packages/a7/c2/fe1e52489ae3122415c51f387e221dd0773709bad6c6cdaa599e8a2c5185/urllib3-2.5.0-py3-none-any.whl", hash = "sha256:e6b01673c0fa6a13e374b50871808eb3bf7046c4b125b216f6bf1cc604cff0dc", size = 129795, upload-time = "2025-06-18T14:07:40.39Z" },
]

[[package]]
name = "uv"
version = "0.8.15"
source = { registry = "https://pypi.org/simple" }
sdist = { url = "https://files.pythonhosted.org/packages/4f/7c/ab905b0425f88842f3d8e5da50491524f45a231b7a3dc9c988608162adb2/uv-0.8.15.tar.gz", hash = "sha256:8ea57b78be9f0911a2a50b6814d15aec7d1f8aa6517059dc8250b1414156f93a", size = 3602914, upload-time = "2025-09-03T14:32:15.552Z" }
wheels = [
    { url = "https://files.pythonhosted.org/packages/67/1d/794352a01b40f2b0a0abe02f4f020219b3f59ee6ed900561be3b2b47a82b/uv-0.8.15-py3-none-linux_armv6l.whl", hash = "sha256:f02e6b8be08b840f86b8d5997b658b657acdda95bc216ecf62fce6c71414bdc7", size = 20136396, upload-time = "2025-09-03T14:31:30.404Z" },
    { url = "https://files.pythonhosted.org/packages/8f/89/528f01cff01eb8d10dd396f437656266443e399dda2fe4787b2cf6983698/uv-0.8.15-py3-none-macosx_10_12_x86_64.whl", hash = "sha256:b0461bb1ad616c8bcb59c9b39ae9363245ca33815ebb1d11130385236eca21b9", size = 19297422, upload-time = "2025-09-03T14:31:34.412Z" },
    { url = "https://files.pythonhosted.org/packages/94/03/532af32a64d162894a1daebb7bc5028ba00225ea720cf0f287e934dc2bd5/uv-0.8.15-py3-none-macosx_11_0_arm64.whl", hash = "sha256:069eed78b79d1e88bced23e3d4303348edb0a0209e7cae0f20024c42430bf50f", size = 17882409, upload-time = "2025-09-03T14:31:36.993Z" },
    { url = "https://files.pythonhosted.org/packages/25/21/57df6d53fbadfa947d9d65a0926e5d8540199f49aa958d23be2707262a80/uv-0.8.15-py3-none-manylinux_2_17_aarch64.manylinux2014_aarch64.musllinux_1_1_aarch64.whl", hash = "sha256:333a93bb6af64f3b95ee99e82b4ea227e2af6362c45f91c89a24e2bfefb628f9", size = 19557216, upload-time = "2025-09-03T14:31:39.245Z" },
    { url = "https://files.pythonhosted.org/packages/68/22/c3784749e1c78119e5375ec34c6ea29e944192a601f17c746339611db237/uv-0.8.15-py3-none-manylinux_2_17_armv7l.manylinux2014_armv7l.whl", hash = "sha256:7d5b19ac2bdda3d1456b5d6013af50b443ffb0e40c66d42874f71190a5364711", size = 19781097, upload-time = "2025-09-03T14:31:42.314Z" },
    { url = "https://files.pythonhosted.org/packages/00/28/0597599fb35408dd73e0a7d25108dca1fa6ce8f8d570c8f24151b0016eef/uv-0.8.15-py3-none-manylinux_2_17_i686.manylinux2014_i686.whl", hash = "sha256:3330bb4f206a6180679a75a8b2e77ff0f933fcb06c028b6f4da877b10a5e4f95", size = 20741549, upload-time = "2025-09-03T14:31:44.574Z" },
    { url = "https://files.pythonhosted.org/packages/4f/61/98fa07981722660f5a3c28b987df99c2486f63d01b1256e6cca05a43bdce/uv-0.8.15-py3-none-manylinux_2_17_ppc64.manylinux2014_ppc64.whl", hash = "sha256:de9896ad4fa724ab317a8048f4891b9b23df1403b3724e96606f3be2dbbbf009", size = 22193727, upload-time = "2025-09-03T14:31:46.915Z" },
    { url = "https://files.pythonhosted.org/packages/fa/65/523188e11a759144b00f0fe48943f6d00706fcd9b5f561a54a07b9fd4541/uv-0.8.15-py3-none-manylinux_2_17_ppc64le.manylinux2014_ppc64le.whl", hash = "sha256:226360003e71084e0a73cbec72170e88634b045e95529654d067ea3741bba242", size = 21817550, upload-time = "2025-09-03T14:31:49.548Z" },
    { url = "https://files.pythonhosted.org/packages/99/3c/7898acf3d9ed2d3a2986cccc8209c14d3e9ac72dfaa616e49d329423b1d3/uv-0.8.15-py3-none-manylinux_2_17_s390x.manylinux2014_s390x.whl", hash = "sha256:9488260536b35b94a79962fea76837f279c0cd0ae5021c761e66b311f47ffa70", size = 21024011, upload-time = "2025-09-03T14:31:51.789Z" },
    { url = "https://files.pythonhosted.org/packages/13/fc/e0da45ee179367dcc1e1040ad00ed8a99b78355d43024b0b5fc2edf5c389/uv-0.8.15-py3-none-manylinux_2_17_x86_64.manylinux2014_x86_64.whl", hash = "sha256:07765f99fd5fd3b257d7e210e8d0844c0a8fd111612e31fcca66a85656cc728e", size = 21009338, upload-time = "2025-09-03T14:31:54.104Z" },
    { url = "https://files.pythonhosted.org/packages/ce/5d/180904fa7ed49081b27f00e86f7220ca62cc098d7ef6459f0c69a8ae8f74/uv-0.8.15-py3-none-manylinux_2_28_aarch64.whl", hash = "sha256:c4868e6a4e1a8c777a5ba3cff452c405837318fb0b272ff203bfda0e1b8fc54d", size = 19799578, upload-time = "2025-09-03T14:31:56.47Z" },
    { url = "https://files.pythonhosted.org/packages/b6/09/fed823212e695b6765bdb8462850abffbe685cd965c4de905efed5e2e5c9/uv-0.8.15-py3-none-manylinux_2_31_riscv64.whl", hash = "sha256:3ec78a54a8eb0bbb9a9c653982390af84673657c8a48a0be6cdcb81d7d3e95c3", size = 20845428, upload-time = "2025-09-03T14:31:59.475Z" },
    { url = "https://files.pythonhosted.org/packages/b9/f3/9c4211897c00f79b7973a10800166e0580eaad20fe27f7c06adb7b248ac7/uv-0.8.15-py3-none-musllinux_1_1_armv7l.whl", hash = "sha256:a022a752d20da80d2a49fc0721522a81e3a32efe539152d756d84ebdba29dbc3", size = 19728113, upload-time = "2025-09-03T14:32:01.686Z" },
    { url = "https://files.pythonhosted.org/packages/3b/43/4ec6047150e2fba494d80d36b881a1a973835afa497ae9ccdf51828cae4f/uv-0.8.15-py3-none-musllinux_1_1_i686.whl", hash = "sha256:3780d2f3951d83e55812fdeb7eee233787b70c774497dbfc55b0fdf6063aa345", size = 20169115, upload-time = "2025-09-03T14:32:03.995Z" },
    { url = "https://files.pythonhosted.org/packages/ea/98/b4220bf462fb225c4a2d74ef4f105020238472b4b0da94ebc17a310d7b4e/uv-0.8.15-py3-none-musllinux_1_1_x86_64.whl", hash = "sha256:56f2451c9193ee1754ce1d8390ded68e9cb8dee0aaf7e2f38a9bd04d99be1be7", size = 21129804, upload-time = "2025-09-03T14:32:06.204Z" },
    { url = "https://files.pythonhosted.org/packages/5e/b8/40ce3d385254ac87a664a5d9a4664fac697e2734352f404382b81d03235b/uv-0.8.15-py3-none-win32.whl", hash = "sha256:89c7c10089e07d944c72d388fd88666c650dec2f8c79ca541e365f32843882c6", size = 19077103, upload-time = "2025-09-03T14:32:08.628Z" },
    { url = "https://files.pythonhosted.org/packages/2b/9d/081a0af395c0e307c0c930e80161a2aa551c25064cfb636d060574566fa4/uv-0.8.15-py3-none-win_amd64.whl", hash = "sha256:6aa824ab933dfafe11efe32e6541c6bcd65ecaa927e8e834ea6b14d3821020f6", size = 21179816, upload-time = "2025-09-03T14:32:11.42Z" },
    { url = "https://files.pythonhosted.org/packages/30/47/d8f50264a8c8ebbb9a44a8fed08b6e873d943adf299d944fe3a776ff5fbf/uv-0.8.15-py3-none-win_arm64.whl", hash = "sha256:a395fa1fc8948eacdd18e4592ed489fad13558b13fea6b3544cb16e5006c5b02", size = 19448833, upload-time = "2025-09-03T14:32:13.639Z" },
]

[[package]]
name = "virtualenv"
version = "20.34.0"
source = { registry = "https://pypi.org/simple" }
dependencies = [
    { name = "distlib" },
    { name = "filelock" },
    { name = "platformdirs" },
]
sdist = { url = "https://files.pythonhosted.org/packages/1c/14/37fcdba2808a6c615681cd216fecae00413c9dab44fb2e57805ecf3eaee3/virtualenv-20.34.0.tar.gz", hash = "sha256:44815b2c9dee7ed86e387b842a84f20b93f7f417f95886ca1996a72a4138eb1a", size = 6003808, upload-time = "2025-08-13T14:24:07.464Z" }
wheels = [
    { url = "https://files.pythonhosted.org/packages/76/06/04c8e804f813cf972e3262f3f8584c232de64f0cde9f703b46cf53a45090/virtualenv-20.34.0-py3-none-any.whl", hash = "sha256:341f5afa7eee943e4984a9207c025feedd768baff6753cd660c857ceb3e36026", size = 5983279, upload-time = "2025-08-13T14:24:05.111Z" },
]
